
Microsoft Visual Studio Solution File, Format Version 12.00
# Visual Studio Version 17
VisualStudioVersion = 17.14.36915.13 d17.14
MinimumVisualStudioVersion = 10.0.40219.1
Project("{8BC9CEB8-8B4A-11D0-8D11-00A0C91BC942}") = "kyouka", "kyouka.vcxproj", "{57A6EB28-3BFA-49C3-9BD6-A2CB337E750C}"
EndProject
Global
	GlobalSection(SolutionConfigurationPlatforms) = preSolution
		Debug|x64 = Debug|x64
		Debug|x86 = Debug|x86
		Release|x64 = Release|x64
		Release|x86 = Release|x86
	EndGlobalSection
	GlobalSection(ProjectConfigurationPlatforms) = postSolution
		{57A6EB28-3BFA-49C3-9BD6-A2CB337E750C}.Debug|x64.ActiveCfg = Debug|x64
		{57A6EB28-3BFA-49C3-9BD6-A2CB337E750C}.Debug|x64.Build.0 = Debug|x64
		{57A6EB28-3BFA-49C3-9BD6-A2CB337E750C}.Debug|x86.ActiveCfg = Debug|Win32
		{57A6EB28-3BFA-49C3-9BD6-A2CB337E750C}.Debug|x86.Build.0 = Debug|Win32
		{57A6EB28-3BFA-49C3-9BD6-A2CB337E750C}.Release|x64.ActiveCfg = Release|x64
		{57A6EB28-3BFA-49C3-9BD6-A2CB337E750C}.Release|x64.Build.0 = Release|x64
		{57A6EB28-3BFA-49C3-9BD6-A2CB337E750C}.Release|x86.ActiveCfg = Release|Win32
		{57A6EB28-3BFA-49C3-9BD6-A2CB337E750C}.Release|x86.Build.0 = Release|Win32
	EndGlobalSection
	GlobalSection(SolutionProperties) = preSolution
		HideSolutionNode = FALSE
	EndGlobalSection
	GlobalSection(ExtensibilityGlobals) = postSolution
		SolutionGuid = {A958F6C0-F16A-4E50-BC57-7A9B6948FE31}
	EndGlobalSection
EndGlobal
